
Microsoft Visual Studio Solution File, Format Version 12.00
# Visual Studio 15
VisualStudioVersion = 15.0.27130.2003
MinimumVisualStudioVersion = 10.0.40219.1
Project("{9A19103F-16F7-4668-BE54-9A1E7A4F7556}") = "AlbumMeta", "AlbumMeta\AlbumMeta.csproj", "{7E58735F-F9AE-492F-B003-28A2B40A12F7}"
EndProject
Global
	GlobalSection(SolutionConfigurationPlatforms) = preSolution
		Debug|Any CPU = Debug|Any CPU
		Release|Any CPU = Release|Any CPU
	EndGlobalSection
	GlobalSection(ProjectConfigurationPlatforms) = postSolution
		{7E58735F-F9AE-492F-B003-28A2B40A12F7}.Debug|Any CPU.ActiveCfg = Debug|Any CPU
		{7E58735F-F9AE-492F-B003-28A2B40A12F7}.Debug|Any CPU.Build.0 = Debug|Any CPU
		{7E58735F-F9AE-492F-B003-28A2B40A12F7}.Release|Any CPU.ActiveCfg = Release|Any CPU
		{7E58735F-F9AE-492F-B003-28A2B40A12F7}.Release|Any CPU.Build.0 = Release|Any CPU
	EndGlobalSection
	GlobalSection(SolutionProperties) = preSolution
		HideSolutionNode = FALSE
	EndGlobalSection
	GlobalSection(ExtensibilityGlobals) = postSolution
		SolutionGuid = {E1C3EAB6-BCC8-4006-A27D-B661E07F8FFB}
	EndGlobalSection
EndGlobal
